
Microsoft Visual Studio Solution File, Format Version 12.00
# Visual Studio Version 16
VisualStudioVersion = 16.0.31313.79
MinimumVisualStudioVersion = 10.0.40219.1
Project("{FAE04EC0-301F-11D3-BF4B-00C04F79EFBC}") = "lab8", "lab8\lab8.csproj", "{5A47D441-9EEA-4880-A260-22DC748E3CC4}"
EndProject
Project("{FAE04EC0-301F-11D3-BF4B-00C04F79EFBC}") = "lab8.1", "lab8.1\lab8.1.csproj", "{13E553AE-6102-4FB5-BD01-B7BCDD1245BB}"
EndProject
Global
	GlobalSection(SolutionConfigurationPlatforms) = preSolution
		Debug|Any CPU = Debug|Any CPU
		Release|Any CPU = Release|Any CPU
	EndGlobalSection
	GlobalSection(ProjectConfigurationPlatforms) = postSolution
		{5A47D441-9EEA-4880-A260-22DC748E3CC4}.Debug|Any CPU.ActiveCfg = Debug|Any CPU
		{5A47D441-9EEA-4880-A260-22DC748E3CC4}.Debug|Any CPU.Build.0 = Debug|Any CPU
		{5A47D441-9EEA-4880-A260-22DC748E3CC4}.Release|Any CPU.ActiveCfg = Release|Any CPU
		{5A47D441-9EEA-4880-A260-22DC748E3CC4}.Release|Any CPU.Build.0 = Release|Any CPU
		{13E553AE-6102-4FB5-BD01-B7BCDD1245BB}.Debug|Any CPU.ActiveCfg = Debug|Any CPU
		{13E553AE-6102-4FB5-BD01-B7BCDD1245BB}.Debug|Any CPU.Build.0 = Debug|Any CPU
		{13E553AE-6102-4FB5-BD01-B7BCDD1245BB}.Release|Any CPU.ActiveCfg = Release|Any CPU
		{13E553AE-6102-4FB5-BD01-B7BCDD1245BB}.Release|Any CPU.Build.0 = Release|Any CPU
	EndGlobalSection
	GlobalSection(SolutionProperties) = preSolution
		HideSolutionNode = FALSE
	EndGlobalSection
	GlobalSection(ExtensibilityGlobals) = postSolution
		SolutionGuid = {389F4072-526D-4FD3-8502-90B57CABA19C}
	EndGlobalSection
EndGlobal
