
Microsoft Visual Studio Solution File, Format Version 12.00
# Visual Studio Version 16
VisualStudioVersion = 16.0.30804.86
MinimumVisualStudioVersion = 10.0.40219.1
Project("{FAE04EC0-301F-11D3-BF4B-00C04F79EFBC}") = "bai1", "ConsoleApp1\bai1.csproj", "{A1237DE9-90D3-4B7F-8341-23C912C318C2}"
EndProject
Project("{FAE04EC0-301F-11D3-BF4B-00C04F79EFBC}") = "bai2", "bai2\bai2.csproj", "{DFDF2132-D3C0-4A39-9069-3E8D7B19731A}"
EndProject
Global
	GlobalSection(SolutionConfigurationPlatforms) = preSolution
		Debug|Any CPU = Debug|Any CPU
		Release|Any CPU = Release|Any CPU
	EndGlobalSection
	GlobalSection(ProjectConfigurationPlatforms) = postSolution
		{A1237DE9-90D3-4B7F-8341-23C912C318C2}.Debug|Any CPU.ActiveCfg = Debug|Any CPU
		{A1237DE9-90D3-4B7F-8341-23C912C318C2}.Debug|Any CPU.Build.0 = Debug|Any CPU
		{A1237DE9-90D3-4B7F-8341-23C912C318C2}.Release|Any CPU.ActiveCfg = Release|Any CPU
		{A1237DE9-90D3-4B7F-8341-23C912C318C2}.Release|Any CPU.Build.0 = Release|Any CPU
		{DFDF2132-D3C0-4A39-9069-3E8D7B19731A}.Debug|Any CPU.ActiveCfg = Debug|Any CPU
		{DFDF2132-D3C0-4A39-9069-3E8D7B19731A}.Debug|Any CPU.Build.0 = Debug|Any CPU
		{DFDF2132-D3C0-4A39-9069-3E8D7B19731A}.Release|Any CPU.ActiveCfg = Release|Any CPU
		{DFDF2132-D3C0-4A39-9069-3E8D7B19731A}.Release|Any CPU.Build.0 = Release|Any CPU
	EndGlobalSection
	GlobalSection(SolutionProperties) = preSolution
		HideSolutionNode = FALSE
	EndGlobalSection
	GlobalSection(ExtensibilityGlobals) = postSolution
		SolutionGuid = {393D0817-2530-4D4D-BBCD-B9A9D373B348}
	EndGlobalSection
EndGlobal
